{
  "sources": {
    "apt": {
      "locked_version": "2.2.1"
    },
    "runit": {
      "locked_version": "1.4.0"
    },
    "supervisor": {
      "locked_version": "0.4.8"
    },
    "supervisor-daemon": {
      "path": "./test/cookbooks/supervisor-daemon"
    },
    "devpi": {
      "path": "."
    },
    "build-essential": {
      "locked_version": "1.4.2"
    },
    "yum": {
      "locked_version": "2.3.2"
    },
    "python": {
      "locked_version": "1.4.0"
    }
  }
}
